
Microsoft Visual Studio Solution File, Format Version 12.00
# Visual Studio Version 17
VisualStudioVersion = 17.7.34018.315
MinimumVisualStudioVersion = 10.0.40219.1
Project("{54A90642-561A-4BB1-A94E-469ADEE60C69}") = "reactapp", "reactapp\reactapp.esproj", "{9603D339-B014-4D32-894E-A1CC19E0F170}"
EndProject
Project("{9A19103F-16F7-4668-BE54-9A1E7A4F7556}") = "webapi", "webapi\webapi.csproj", "{EB245AB9-C1A0-46D6-BDB4-BC19CC238165}"
EndProject
Project("{9A19103F-16F7-4668-BE54-9A1E7A4F7556}") = "DGIIService.Application", "DGIIService.Application\DGIIService.Application.csproj", "{1E233D14-EC29-421A-A184-3364CA5F8947}"
EndProject
Project("{9A19103F-16F7-4668-BE54-9A1E7A4F7556}") = "DGIIService.Domain", "DGIIService.Domain\DGIIService.Domain.csproj", "{4E802C81-E0E1-4890-9D1A-61DB376B22E6}"
EndProject
Project("{9A19103F-16F7-4668-BE54-9A1E7A4F7556}") = "DGIIService.Infrastructure", "DGIIService.Infrastructure\DGIIService.Infrastructure.csproj", "{00A20079-24CA-499A-BA2B-5F080077EF96}"
EndProject
Project("{9A19103F-16F7-4668-BE54-9A1E7A4F7556}") = "DGIIService.Test", "DGIIService.Test\DGIIService.Test.csproj", "{98A635A0-438D-4CBB-ADEB-40135083AF75}"
EndProject
Project("{00D1A9C2-B5F0-4AF3-8072-F6C62B433612}") = "DGIISeviceDatabase", "DGIISeviceDatabase\DGIISeviceDatabase.sqlproj", "{B7DF14C3-9D78-4BC7-BF3B-DAE7B00C5827}"
EndProject
Global
	GlobalSection(SolutionConfigurationPlatforms) = preSolution
		Debug|Any CPU = Debug|Any CPU
		Release|Any CPU = Release|Any CPU
	EndGlobalSection
	GlobalSection(ProjectConfigurationPlatforms) = postSolution
		{9603D339-B014-4D32-894E-A1CC19E0F170}.Debug|Any CPU.ActiveCfg = Debug|Any CPU
		{9603D339-B014-4D32-894E-A1CC19E0F170}.Debug|Any CPU.Build.0 = Debug|Any CPU
		{9603D339-B014-4D32-894E-A1CC19E0F170}.Debug|Any CPU.Deploy.0 = Debug|Any CPU
		{9603D339-B014-4D32-894E-A1CC19E0F170}.Release|Any CPU.ActiveCfg = Release|Any CPU
		{9603D339-B014-4D32-894E-A1CC19E0F170}.Release|Any CPU.Build.0 = Release|Any CPU
		{9603D339-B014-4D32-894E-A1CC19E0F170}.Release|Any CPU.Deploy.0 = Release|Any CPU
		{EB245AB9-C1A0-46D6-BDB4-BC19CC238165}.Debug|Any CPU.ActiveCfg = Debug|Any CPU
		{EB245AB9-C1A0-46D6-BDB4-BC19CC238165}.Debug|Any CPU.Build.0 = Debug|Any CPU
		{EB245AB9-C1A0-46D6-BDB4-BC19CC238165}.Release|Any CPU.ActiveCfg = Release|Any CPU
		{EB245AB9-C1A0-46D6-BDB4-BC19CC238165}.Release|Any CPU.Build.0 = Release|Any CPU
		{1E233D14-EC29-421A-A184-3364CA5F8947}.Debug|Any CPU.ActiveCfg = Debug|Any CPU
		{1E233D14-EC29-421A-A184-3364CA5F8947}.Debug|Any CPU.Build.0 = Debug|Any CPU
		{1E233D14-EC29-421A-A184-3364CA5F8947}.Release|Any CPU.ActiveCfg = Release|Any CPU
		{1E233D14-EC29-421A-A184-3364CA5F8947}.Release|Any CPU.Build.0 = Release|Any CPU
		{4E802C81-E0E1-4890-9D1A-61DB376B22E6}.Debug|Any CPU.ActiveCfg = Debug|Any CPU
		{4E802C81-E0E1-4890-9D1A-61DB376B22E6}.Debug|Any CPU.Build.0 = Debug|Any CPU
		{4E802C81-E0E1-4890-9D1A-61DB376B22E6}.Release|Any CPU.ActiveCfg = Release|Any CPU
		{4E802C81-E0E1-4890-9D1A-61DB376B22E6}.Release|Any CPU.Build.0 = Release|Any CPU
		{00A20079-24CA-499A-BA2B-5F080077EF96}.Debug|Any CPU.ActiveCfg = Debug|Any CPU
		{00A20079-24CA-499A-BA2B-5F080077EF96}.Debug|Any CPU.Build.0 = Debug|Any CPU
		{00A20079-24CA-499A-BA2B-5F080077EF96}.Release|Any CPU.ActiveCfg = Release|Any CPU
		{00A20079-24CA-499A-BA2B-5F080077EF96}.Release|Any CPU.Build.0 = Release|Any CPU
		{98A635A0-438D-4CBB-ADEB-40135083AF75}.Debug|Any CPU.ActiveCfg = Debug|Any CPU
		{98A635A0-438D-4CBB-ADEB-40135083AF75}.Debug|Any CPU.Build.0 = Debug|Any CPU
		{98A635A0-438D-4CBB-ADEB-40135083AF75}.Release|Any CPU.ActiveCfg = Release|Any CPU
		{98A635A0-438D-4CBB-ADEB-40135083AF75}.Release|Any CPU.Build.0 = Release|Any CPU
		{B7DF14C3-9D78-4BC7-BF3B-DAE7B00C5827}.Debug|Any CPU.ActiveCfg = Debug|Any CPU
		{B7DF14C3-9D78-4BC7-BF3B-DAE7B00C5827}.Debug|Any CPU.Build.0 = Debug|Any CPU
		{B7DF14C3-9D78-4BC7-BF3B-DAE7B00C5827}.Debug|Any CPU.Deploy.0 = Debug|Any CPU
		{B7DF14C3-9D78-4BC7-BF3B-DAE7B00C5827}.Release|Any CPU.ActiveCfg = Release|Any CPU
		{B7DF14C3-9D78-4BC7-BF3B-DAE7B00C5827}.Release|Any CPU.Build.0 = Release|Any CPU
		{B7DF14C3-9D78-4BC7-BF3B-DAE7B00C5827}.Release|Any CPU.Deploy.0 = Release|Any CPU
	EndGlobalSection
	GlobalSection(SolutionProperties) = preSolution
		HideSolutionNode = FALSE
	EndGlobalSection
	GlobalSection(ExtensibilityGlobals) = postSolution
		SolutionGuid = {2D21AAD9-4D7A-4BD1-8272-45D683B78AB1}
	EndGlobalSection
EndGlobal
